// !$*UTF8*$!
{
	archiveVersion = 1;
	classes = {
	};
	objectVersion = 50;
	objects = {

/* Begin PBXBuildFile section */
		91D014FE269DB03400E172B6 /* HundredDaysOfSwiftUIApp.swift in Sources */ = {isa = PBXBuildFile; fileRef = 91D014FD269DB03400E172B6 /* HundredDaysOfSwiftUIApp.swift */; };
		91D01500269DB03400E172B6 /* ContentView.swift in Sources */ = {isa = PBXBuildFile; fileRef = 91D014FF269DB03400E172B6 /* ContentView.swift */; };
		91D01502269DB03700E172B6 /* Assets.xcassets in Resources */ = {isa = PBXBuildFile; fileRef = 91D01501269DB03700E172B6 /* Assets.xcassets */; };
		91D01505269DB03700E172B6 /* Preview Assets.xcassets in Resources */ = {isa = PBXBuildFile; fileRef = 91D01504269DB03700E172B6 /* Preview Assets.xcassets */; };
		91D0150E269EA4A200E172B6 /* CircleImage.swift in Sources */ = {isa = PBXBuildFile; fileRef = 91D0150D269EA4A200E172B6 /* CircleImage.swift */; };
		91D01511269EAA4200E172B6 /* MapView.swift in Sources */ = {isa = PBXBuildFile; fileRef = 91D01510269EAA4200E172B6 /* MapView.swift */; };
/* End PBXBuildFile section */

/* Begin PBXFileReference section */
		91D014FA269DB03400E172B6 /* HundredDaysOfSwiftUI.app */ = {isa = PBXFileReference; explicitFileType = wrapper.application; includeInIndex = 0; path = HundredDaysOfSwiftUI.app; sourceTree = BUILT_PRODUCTS_DIR; };
		91D014FD269DB03400E172B6 /* HundredDaysOfSwiftUIApp.swift */ = {isa = PBXFileReference; lastKnownFileType = sourcecode.swift; path = HundredDaysOfSwiftUIApp.swift; sourceTree = "<group>"; };
		91D014FF269DB03400E172B6 /* ContentView.swift */ = {isa = PBXFileReference; lastKnownFileType = sourcecode.swift; path = ContentView.swift; sourceTree = "<group>"; };
		91D01501269DB03700E172B6 /* Assets.xcassets */ = {isa = PBXFileReference; lastKnownFileType = folder.assetcatalog; path = Assets.xcassets; sourceTree = "<group>"; };
		91D01504269DB03700E172B6 /* Preview Assets.xcassets */ = {isa = PBXFileReference; lastKnownFileType = folder.assetcatalog; path = "Preview Assets.xcassets"; sourceTree = "<group>"; };
		91D01506269DB03700E172B6 /* Info.plist */ = {isa = PBXFileReference; lastKnownFileType = text.plist.xml; path = Info.plist; sourceTree = "<group>"; };
		91D0150D269EA4A200E172B6 /* CircleImage.swift */ = {isa = PBXFileReference; lastKnownFileType = sourcecode.swift; path = CircleImage.swift; sourceTree = "<group>"; };
		91D01510269EAA4200E172B6 /* MapView.swift */ = {isa = PBXFileReference; lastKnownFileType = sourcecode.swift; path = MapView.swift; sourceTree = "<group>"; };
/* End PBXFileReference section */

/* Begin PBXFrameworksBuildPhase section */
		91D014F7269DB03400E172B6 /* Frameworks */ = {
			isa = PBXFrameworksBuildPhase;
			buildActionMask = 2147483647;
			files = (
			);
			runOnlyForDeploymentPostprocessing = 0;
		};
/* End PBXFrameworksBuildPhase section */

/* Begin PBXGroup section */
		91D014F1269DB03400E172B6 = {
			isa = PBXGroup;
			children = (
				91D014FC269DB03400E172B6 /* HundredDaysOfSwiftUI */,
				91D014FB269DB03400E172B6 /* Products */,
			);
			sourceTree = "<group>";
		};
		91D014FB269DB03400E172B6 /* Products */ = {
			isa = PBXGroup;
			children = (
				91D014FA269DB03400E172B6 /* HundredDaysOfSwiftUI.app */,
			);
			name = Products;
			sourceTree = "<group>";
		};
		91D014FC269DB03400E172B6 /* HundredDaysOfSwiftUI */ = {
			isa = PBXGroup;
			children = (
				91D0150F269EAA1800E172B6 /* Map */,
				91D0150C269EA48D00E172B6 /* View */,
				91D014FD269DB03400E172B6 /* HundredDaysOfSwiftUIApp.swift */,
				91D014FF269DB03400E172B6 /* ContentView.swift */,
				91D01501269DB03700E172B6 /* Assets.xcassets */,
				91D01506269DB03700E172B6 /* Info.plist */,
				91D01503269DB03700E172B6 /* Preview Content */,
			);
			path = HundredDaysOfSwiftUI;
			sourceTree = "<group>";
		};
		91D01503269DB03700E172B6 /* Preview Content */ = {
			isa = PBXGroup;
			children = (
				91D01504269DB03700E172B6 /* Preview Assets.xcassets */,
			);
			path = "Preview Content";
			sourceTree = "<group>";
		};
		91D0150C269EA48D00E172B6 /* View */ = {
			isa = PBXGroup;
			children = (
				91D0150D269EA4A200E172B6 /* CircleImage.swift */,
			);
			path = View;
			sourceTree = "<group>";
		};
		91D0150F269EAA1800E172B6 /* Map */ = {
			isa = PBXGroup;
			children = (
				91D01510269EAA4200E172B6 /* MapView.swift */,
			);
			path = Map;
			sourceTree = "<group>";
		};
/* End PBXGroup section */

/* Begin PBXNativeTarget section */
		91D014F9269DB03400E172B6 /* HundredDaysOfSwiftUI */ = {
			isa = PBXNativeTarget;
			buildConfigurationList = 91D01509269DB03700E172B6 /* Build configuration list for PBXNativeTarget "HundredDaysOfSwiftUI" */;
			buildPhases = (
				91D014F6269DB03400E172B6 /* Sources */,
				91D014F7269DB03400E172B6 /* Frameworks */,
				91D014F8269DB03400E172B6 /* Resources */,
			);
			buildRules = (
			);
			dependencies = (
			);
			name = HundredDaysOfSwiftUI;
			productName = HundredDaysOfSwiftUI;
			productReference = 91D014FA269DB03400E172B6 /* HundredDaysOfSwiftUI.app */;
			productType = "com.apple.product-type.application";
		};
/* End PBXNativeTarget section */

/* Begin PBXProject section */
		91D014F2269DB03400E172B6 /* Project object */ = {
			isa = PBXProject;
			attributes = {
				LastSwiftUpdateCheck = 1250;
				LastUpgradeCheck = 1250;
				TargetAttributes = {
					91D014F9269DB03400E172B6 = {
						CreatedOnToolsVersion = 12.5.1;
					};
				};
			};
			buildConfigurationList = 91D014F5269DB03400E172B6 /* Build configuration list for PBXProject "HundredDaysOfSwiftUI" */;
			compatibilityVersion = "Xcode 9.3";
			developmentRegion = en;
			hasScannedForEncodings = 0;
			knownRegions = (
				en,
				Base,
			);
			mainGroup = 91D014F1269DB03400E172B6;
			productRefGroup = 91D014FB269DB03400E172B6 /* Products */;
			projectDirPath = "";
			projectRoot = "";
			targets = (
				91D014F9269DB03400E172B6 /* HundredDaysOfSwiftUI */,
			);
		};
/* End PBXProject section */

/* Begin PBXResourcesBuildPhase section */
		91D014F8269DB03400E172B6 /* Resources */ = {
			isa = PBXResourcesBuildPhase;
			buildActionMask = 2147483647;
			files = (
				91D01505269DB03700E172B6 /* Preview Assets.xcassets in Resources */,
				91D01502269DB03700E172B6 /* Assets.xcassets in Resources */,
			);
			runOnlyForDeploymentPostprocessing = 0;
		};
/* End PBXResourcesBuildPhase section */

/* Begin PBXSourcesBuildPhase section */
		91D014F6269DB03400E172B6 /* Sources */ = {
			isa = PBXSourcesBuildPhase;
			buildActionMask = 2147483647;
			files = (
				91D01500269DB03400E172B6 /* ContentView.swift in Sources */,
				91D014FE269DB03400E172B6 /* HundredDaysOfSwiftUIApp.swift in Sources */,
				91D01511269EAA4200E172B6 /* MapView.swift in Sources */,
				91D0150E269EA4A200E172B6 /* CircleImage.swift in Sources */,
			);
			runOnlyForDeploymentPostprocessing = 0;
		};
/* End PBXSourcesBuildPhase section */

/* Begin XCBuildConfiguration section */
		91D01507269DB03700E172B6 /* Debug */ = {
			isa = XCBuildConfiguration;
			buildSettings = {
				ALWAYS_SEARCH_USER_PATHS = NO;
				CLANG_ANALYZER_NONNULL = YES;
				CLANG_ANALYZER_NUMBER_OBJECT_CONVERSION = YES_AGGRESSIVE;
				CLANG_CXX_LANGUAGE_STANDARD = "gnu++14";
				CLANG_CXX_LIBRARY = "libc++";
				CLANG_ENABLE_MODULES = YES;
				CLANG_ENABLE_OBJC_ARC = YES;
				CLANG_ENABLE_OBJC_WEAK = YES;
				CLANG_WARN_BLOCK_CAPTURE_AUTORELEASING = YES;
				CLANG_WARN_BOOL_CONVERSION = YES;
				CLANG_WARN_COMMA = YES;
				CLANG_WARN_CONSTANT_CONVERSION = YES;
				CLANG_WARN_DEPRECATED_OBJC_IMPLEMENTATIONS = YES;
				CLANG_WARN_DIRECT_OBJC_ISA_USAGE = YES_ERROR;
				CLANG_WARN_DOCUMENTATION_COMMENTS = YES;
				CLANG_WARN_EMPTY_BODY = YES;
				CLANG_WARN_ENUM_CONVERSION = YES;
				CLANG_WARN_INFINITE_RECURSION = YES;
				CLANG_WARN_INT_CONVERSION = YES;
				CLANG_WARN_NON_LITERAL_NULL_CONVERSION = YES;
				CLANG_WARN_OBJC_IMPLICIT_RETAIN_SELF = YES;
				CLANG_WARN_OBJC_LITERAL_CONVERSION = YES;
				CLANG_WARN_OBJC_ROOT_CLASS = YES_ERROR;
				CLANG_WARN_QUOTED_INCLUDE_IN_FRAMEWORK_HEADER = YES;
				CLANG_WARN_RANGE_LOOP_ANALYSIS = YES;
				CLANG_WARN_STRICT_PROTOTYPES = YES;
				CLANG_WARN_SUSPICIOUS_MOVE = YES;
				CLANG_WARN_UNGUARDED_AVAILABILITY = YES_AGGRESSIVE;
				CLANG_WARN_UNREACHABLE_CODE = YES;
				CLANG_WARN__DUPLICATE_METHOD_MATCH = YES;
				COPY_PHASE_STRIP = NO;
				DEBUG_INFORMATION_FORMAT = dwarf;
				ENABLE_STRICT_OBJC_MSGSEND = YES;
				ENABLE_TESTABILITY = YES;
				GCC_C_LANGUAGE_STANDARD = gnu11;
				GCC_DYNAMIC_NO_PIC = NO;
				GCC_NO_COMMON_BLOCKS = YES;
				GCC_OPTIMIZATION_LEVEL = 0;
				GCC_PREPROCESSOR_DEFINITIONS = (
					"DEBUG=1",
					"$(inherited)",
				);
				GCC_WARN_64_TO_32_BIT_CONVERSION = YES;
				GCC_WARN_ABOUT_RETURN_TYPE = YES_ERROR;
				GCC_WARN_UNDECLARED_SELECTOR = YES;
				GCC_WARN_UNINITIALIZED_AUTOS = YES_AGGRESSIVE;
				GCC_WARN_UNUSED_FUNCTION = YES;
				GCC_WARN_UNUSED_VARIABLE = YES;
				IPHONEOS_DEPLOYMENT_TARGET = 14.5;
				MTL_ENABLE_DEBUG_INFO = INCLUDE_SOURCE;
				MTL_FAST_MATH = YES;
				ONLY_ACTIVE_ARCH = YES;
				SDKROOT = iphoneos;
				SWIFT_ACTIVE_COMPILATION_CONDITIONS = DEBUG;
				SWIFT_OPTIMIZATION_LEVEL = "-Onone";
			};
			name = Debug;
		};
		91D01508269DB03700E172B6 /* Release */ = {
			isa = XCBuildConfiguration;
			buildSettings = {
				ALWAYS_SEARCH_USER_PATHS = NO;
				CLANG_ANALYZER_NONNULL = YES;
				CLANG_ANALYZER_NUMBER_OBJECT_CONVERSION = YES_AGGRESSIVE;
				CLANG_CXX_LANGUAGE_STANDARD = "gnu++14";
				CLANG_CXX_LIBRARY = "libc++";
				CLANG_ENABLE_MODULES = YES;
				CLANG_ENABLE_OBJC_ARC = YES;
				CLANG_ENABLE_OBJC_WEAK = YES;
				CLANG_WARN_BLOCK_CAPTURE_AUTORELEASING = YES;
				CLANG_WARN_BOOL_CONVERSION = YES;
				CLANG_WARN_COMMA = YES;
				CLANG_WARN_CONSTANT_CONVERSION = YES;
				CLANG_WARN_DEPRECATED_OBJC_IMPLEMENTATIONS = YES;
				CLANG_WARN_DIRECT_OBJC_ISA_USAGE = YES_ERROR;
				CLANG_WARN_DOCUMENTATION_COMMENTS = YES;
				CLANG_WARN_EMPTY_BODY = YES;
				CLANG_WARN_ENUM_CONVERSION = YES;
				CLANG_WARN_INFINITE_RECURSION = YES;
				CLANG_WARN_INT_CONVERSION = YES;
				CLANG_WARN_NON_LITERAL_NULL_CONVERSION = YES;
				CLANG_WARN_OBJC_IMPLICIT_RETAIN_SELF = YES;
				CLANG_WARN_OBJC_LITERAL_CONVERSION = YES;
				CLANG_WARN_OBJC_ROOT_CLASS = YES_ERROR;
				CLANG_WARN_QUOTED_INCLUDE_IN_FRAMEWORK_HEADER = YES;
				CLANG_WARN_RANGE_LOOP_ANALYSIS = YES;
				CLANG_WARN_STRICT_PROTOTYPES = YES;
				CLANG_WARN_SUSPICIOUS_MOVE = YES;
				CLANG_WARN_UNGUARDED_AVAILABILITY = YES_AGGRESSIVE;
				CLANG_WARN_UNREACHABLE_CODE = YES;
				CLANG_WARN__DUPLICATE_METHOD_MATCH = YES;
				COPY_PHASE_STRIP = NO;
				DEBUG_INFORMATION_FORMAT = "dwarf-with-dsym";
				ENABLE_NS_ASSERTIONS = NO;
				ENABLE_STRICT_OBJC_MSGSEND = YES;
				GCC_C_LANGUAGE_STANDARD = gnu11;
				GCC_NO_COMMON_BLOCKS = YES;
				GCC_WARN_64_TO_32_BIT_CONVERSION = YES;
				GCC_WARN_ABOUT_RETURN_TYPE = YES_ERROR;
				GCC_WARN_UNDECLARED_SELECTOR = YES;
				GCC_WARN_UNINITIALIZED_AUTOS = YES_AGGRESSIVE;
				GCC_WARN_UNUSED_FUNCTION = YES;
				GCC_WARN_UNUSED_VARIABLE = YES;
				IPHONEOS_DEPLOYMENT_TARGET = 14.5;
				MTL_ENABLE_DEBUG_INFO = NO;
				MTL_FAST_MATH = YES;
				SDKROOT = iphoneos;
				SWIFT_COMPILATION_MODE = wholemodule;
				SWIFT_OPTIMIZATION_LEVEL = "-O";
				VALIDATE_PRODUCT = YES;
			};
			name = Release;
		};
		91D0150A269DB03700E172B6 /* Debug */ = {
			isa = XCBuildConfiguration;
			buildSettings = {
				ASSETCATALOG_COMPILER_APPICON_NAME = AppIcon;
				ASSETCATALOG_COMPILER_GLOBAL_ACCENT_COLOR_NAME = AccentColor;
				CODE_SIGN_STYLE = Automatic;
				DEVELOPMENT_ASSET_PATHS = "\"HundredDaysOfSwiftUI/Preview Content\"";
				DEVELOPMENT_TEAM = CHACMP5889;
				ENABLE_PREVIEWS = YES;
				INFOPLIST_FILE = HundredDaysOfSwiftUI/Info.plist;
				IPHONEOS_DEPLOYMENT_TARGET = 14.0;
				LD_RUNPATH_SEARCH_PATHS = (
					"$(inherited)",
					"@executable_path/Frameworks",
				);
				PRODUCT_BUNDLE_IDENTIFIER = theappmaker.HundredDaysOfSwiftUI;
				PRODUCT_NAME = "$(TARGET_NAME)";
				SWIFT_VERSION = 5.0;
				TARGETED_DEVICE_FAMILY = "1,2";
			};
			name = Debug;
		};
		91D0150B269DB03700E172B6 /* Release */ = {
			isa = XCBuildConfiguration;
			buildSettings = {
				ASSETCATALOG_COMPILER_APPICON_NAME = AppIcon;
				ASSETCATALOG_COMPILER_GLOBAL_ACCENT_COLOR_NAME = AccentColor;
				CODE_SIGN_STYLE = Automatic;
				DEVELOPMENT_ASSET_PATHS = "\"HundredDaysOfSwiftUI/Preview Content\"";
				DEVELOPMENT_TEAM = CHACMP5889;
				ENABLE_PREVIEWS = YES;
				INFOPLIST_FILE = HundredDaysOfSwiftUI/Info.plist;
				IPHONEOS_DEPLOYMENT_TARGET = 14.0;
				LD_RUNPATH_SEARCH_PATHS = (
					"$(inherited)",
					"@executable_path/Frameworks",
				);
				PRODUCT_BUNDLE_IDENTIFIER = theappmaker.HundredDaysOfSwiftUI;
				PRODUCT_NAME = "$(TARGET_NAME)";
				SWIFT_VERSION = 5.0;
				TARGETED_DEVICE_FAMILY = "1,2";
			};
			name = Release;
		};
/* End XCBuildConfiguration section */

/* Begin XCConfigurationList section */
		91D014F5269DB03400E172B6 /* Build configuration list for PBXProject "HundredDaysOfSwiftUI" */ = {
			isa = XCConfigurationList;
			buildConfigurations = (
				91D01507269DB03700E172B6 /* Debug */,
				91D01508269DB03700E172B6 /* Release */,
			);
			defaultConfigurationIsVisible = 0;
			defaultConfigurationName = Release;
		};
		91D01509269DB03700E172B6 /* Build configuration list for PBXNativeTarget "HundredDaysOfSwiftUI" */ = {
			isa = XCConfigurationList;
			buildConfigurations = (
				91D0150A269DB03700E172B6 /* Debug */,
				91D0150B269DB03700E172B6 /* Release */,
			);
			defaultConfigurationIsVisible = 0;
			defaultConfigurationName = Release;
		};
/* End XCConfigurationList section */
	};
	rootObject = 91D014F2269DB03400E172B6 /* Project object */;
}
